
Microsoft Visual Studio Solution File, Format Version 12.00
# Visual Studio Version 17
VisualStudioVersion = 17.8.34525.116
MinimumVisualStudioVersion = 10.0.40219.1
Project("{FAE04EC0-301F-11D3-BF4B-00C04F79EFBC}") = "PaymentAPI", "PaymentAPI\PaymentAPI.csproj", "{B6C47846-365C-44C9-8F08-25D561A590FC}"
EndProject
Project("{FAE04EC0-301F-11D3-BF4B-00C04F79EFBC}") = "PaymentAPI.DataAccess", "PaymentAPI.DataAccess\PaymentAPI.DataAccess.csproj", "{3AD7D805-6DBE-4552-BC7E-DFBB9B810C8E}"
EndProject
Project("{FAE04EC0-301F-11D3-BF4B-00C04F79EFBC}") = "PaymentAPI.Models", "PaymentAPI.Models\PaymentAPI.Models.csproj", "{71319094-93F7-436A-BC7C-B79ACA7AE825}"
EndProject
Global
	GlobalSection(SolutionConfigurationPlatforms) = preSolution
		Debug|Any CPU = Debug|Any CPU
		Release|Any CPU = Release|Any CPU
	EndGlobalSection
	GlobalSection(ProjectConfigurationPlatforms) = postSolution
		{B6C47846-365C-44C9-8F08-25D561A590FC}.Debug|Any CPU.ActiveCfg = Debug|Any CPU
		{B6C47846-365C-44C9-8F08-25D561A590FC}.Debug|Any CPU.Build.0 = Debug|Any CPU
		{B6C47846-365C-44C9-8F08-25D561A590FC}.Release|Any CPU.ActiveCfg = Release|Any CPU
		{B6C47846-365C-44C9-8F08-25D561A590FC}.Release|Any CPU.Build.0 = Release|Any CPU
		{3AD7D805-6DBE-4552-BC7E-DFBB9B810C8E}.Debug|Any CPU.ActiveCfg = Debug|Any CPU
		{3AD7D805-6DBE-4552-BC7E-DFBB9B810C8E}.Debug|Any CPU.Build.0 = Debug|Any CPU
		{3AD7D805-6DBE-4552-BC7E-DFBB9B810C8E}.Release|Any CPU.ActiveCfg = Release|Any CPU
		{3AD7D805-6DBE-4552-BC7E-DFBB9B810C8E}.Release|Any CPU.Build.0 = Release|Any CPU
		{71319094-93F7-436A-BC7C-B79ACA7AE825}.Debug|Any CPU.ActiveCfg = Debug|Any CPU
		{71319094-93F7-436A-BC7C-B79ACA7AE825}.Debug|Any CPU.Build.0 = Debug|Any CPU
		{71319094-93F7-436A-BC7C-B79ACA7AE825}.Release|Any CPU.ActiveCfg = Release|Any CPU
		{71319094-93F7-436A-BC7C-B79ACA7AE825}.Release|Any CPU.Build.0 = Release|Any CPU
	EndGlobalSection
	GlobalSection(SolutionProperties) = preSolution
		HideSolutionNode = FALSE
	EndGlobalSection
	GlobalSection(ExtensibilityGlobals) = postSolution
		SolutionGuid = {5BDF9DBE-E29B-463A-9808-858F3742B901}
	EndGlobalSection
EndGlobal
